
Microsoft Visual Studio Solution File, Format Version 12.00
# Visual Studio Version 17
VisualStudioVersion = 17.8.34330.188
MinimumVisualStudioVersion = 10.0.40219.1
Project("{9A19103F-16F7-4668-BE54-9A1E7A4F7556}") = "ScreeningAdder", "ScreeningAdder.csproj", "{37DE3096-D3EA-4F0E-8F7B-4B1EC379525E}"
EndProject
Project("{FAE04EC0-301F-11D3-BF4B-00C04F79EFBC}") = "ScreeningAdderTests", "..\ScreeningAdderTests\ScreeningAdderTests.csproj", "{67CBFD9D-684A-45E9-A1BD-D913A91B99A3}"
EndProject
Global
	GlobalSection(SolutionConfigurationPlatforms) = preSolution
		Debug|Any CPU = Debug|Any CPU
		Release|Any CPU = Release|Any CPU
	EndGlobalSection
	GlobalSection(ProjectConfigurationPlatforms) = postSolution
		{37DE3096-D3EA-4F0E-8F7B-4B1EC379525E}.Debug|Any CPU.ActiveCfg = Debug|Any CPU
		{37DE3096-D3EA-4F0E-8F7B-4B1EC379525E}.Debug|Any CPU.Build.0 = Debug|Any CPU
		{37DE3096-D3EA-4F0E-8F7B-4B1EC379525E}.Release|Any CPU.ActiveCfg = Release|Any CPU
		{37DE3096-D3EA-4F0E-8F7B-4B1EC379525E}.Release|Any CPU.Build.0 = Release|Any CPU
		{67CBFD9D-684A-45E9-A1BD-D913A91B99A3}.Debug|Any CPU.ActiveCfg = Debug|Any CPU
		{67CBFD9D-684A-45E9-A1BD-D913A91B99A3}.Debug|Any CPU.Build.0 = Debug|Any CPU
		{67CBFD9D-684A-45E9-A1BD-D913A91B99A3}.Release|Any CPU.ActiveCfg = Release|Any CPU
		{67CBFD9D-684A-45E9-A1BD-D913A91B99A3}.Release|Any CPU.Build.0 = Release|Any CPU
	EndGlobalSection
	GlobalSection(SolutionProperties) = preSolution
		HideSolutionNode = FALSE
	EndGlobalSection
	GlobalSection(ExtensibilityGlobals) = postSolution
		SolutionGuid = {8AAB93EE-71FE-43E9-B5F2-BC9278C82595}
	EndGlobalSection
EndGlobal
